
Microsoft Visual Studio Solution File, Format Version 12.00
# Visual Studio Version 16
VisualStudioVersion = 16.0.29920.165
MinimumVisualStudioVersion = 10.0.40219.1
Project("{FAE04EC0-301F-11D3-BF4B-00C04F79EFBC}") = "CourseExercicioCap9", "CourseExercicioCap9\CourseExercicioCap9.csproj", "{EE07B8BD-FFDD-412C-B47D-78424B666C6A}"
EndProject
Global
	GlobalSection(SolutionConfigurationPlatforms) = preSolution
		Debug|Any CPU = Debug|Any CPU
		Release|Any CPU = Release|Any CPU
	EndGlobalSection
	GlobalSection(ProjectConfigurationPlatforms) = postSolution
		{EE07B8BD-FFDD-412C-B47D-78424B666C6A}.Debug|Any CPU.ActiveCfg = Debug|Any CPU
		{EE07B8BD-FFDD-412C-B47D-78424B666C6A}.Debug|Any CPU.Build.0 = Debug|Any CPU
		{EE07B8BD-FFDD-412C-B47D-78424B666C6A}.Release|Any CPU.ActiveCfg = Release|Any CPU
		{EE07B8BD-FFDD-412C-B47D-78424B666C6A}.Release|Any CPU.Build.0 = Release|Any CPU
	EndGlobalSection
	GlobalSection(SolutionProperties) = preSolution
		HideSolutionNode = FALSE
	EndGlobalSection
	GlobalSection(ExtensibilityGlobals) = postSolution
		SolutionGuid = {61B57D15-68DF-47D3-8DD9-CCADE2AD36EE}
	EndGlobalSection
EndGlobal
